// !$*UTF8*$!
{
	archiveVersion = 1;
	classes = {
	};
	objectVersion = 56;
	objects = {

/* Begin PBXBuildFile section */
		B67E873C2ADB968E008C20E7 /* CollectionViewTableViewCell.swift in Sources */ = {isa = PBXBuildFile; fileRef = B67E873B2ADB968E008C20E7 /* CollectionViewTableViewCell.swift */; };
		B67E873E2ADBA7C1008C20E7 /* HeroHeaderUIView.swift in Sources */ = {isa = PBXBuildFile; fileRef = B67E873D2ADBA7C0008C20E7 /* HeroHeaderUIView.swift */; };
		B6E750EE2ADB202C00B42623 /* AppDelegate.swift in Sources */ = {isa = PBXBuildFile; fileRef = B6E750ED2ADB202C00B42623 /* AppDelegate.swift */; };
		B6E750F02ADB202C00B42623 /* SceneDelegate.swift in Sources */ = {isa = PBXBuildFile; fileRef = B6E750EF2ADB202C00B42623 /* SceneDelegate.swift */; };
		B6E750F22ADB202C00B42623 /* MainTabBarViewController.swift in Sources */ = {isa = PBXBuildFile; fileRef = B6E750F12ADB202C00B42623 /* MainTabBarViewController.swift */; };
		B6E750F72ADB202D00B42623 /* Assets.xcassets in Resources */ = {isa = PBXBuildFile; fileRef = B6E750F62ADB202D00B42623 /* Assets.xcassets */; };
		B6E750FA2ADB202D00B42623 /* LaunchScreen.storyboard in Resources */ = {isa = PBXBuildFile; fileRef = B6E750F82ADB202D00B42623 /* LaunchScreen.storyboard */; };
		B6E751032ADB24EA00B42623 /* HomeViewController.swift in Sources */ = {isa = PBXBuildFile; fileRef = B6E751022ADB24EA00B42623 /* HomeViewController.swift */; };
		B6E751052ADB255900B42623 /* UpComingViewController.swift in Sources */ = {isa = PBXBuildFile; fileRef = B6E751042ADB255900B42623 /* UpComingViewController.swift */; };
		B6E751072ADB260400B42623 /* SearchViewController.swift in Sources */ = {isa = PBXBuildFile; fileRef = B6E751062ADB260400B42623 /* SearchViewController.swift */; };
		B6E751092ADB266C00B42623 /* DownLoadsViewController.swift in Sources */ = {isa = PBXBuildFile; fileRef = B6E751082ADB266C00B42623 /* DownLoadsViewController.swift */; };
		EF4BE9F32AE450A0008F5D07 /* ApiCaller.swift in Sources */ = {isa = PBXBuildFile; fileRef = EF4BE9F22AE450A0008F5D07 /* ApiCaller.swift */; };
		EF4BE9F52AE4633D008F5D07 /* Movie.swift in Sources */ = {isa = PBXBuildFile; fileRef = EF4BE9F42AE4633D008F5D07 /* Movie.swift */; };
		EF4BE9F72AE46E33008F5D07 /* Extensions.swift in Sources */ = {isa = PBXBuildFile; fileRef = EF4BE9F62AE46E33008F5D07 /* Extensions.swift */; };
/* End PBXBuildFile section */

/* Begin PBXFileReference section */
		B67E873B2ADB968E008C20E7 /* CollectionViewTableViewCell.swift */ = {isa = PBXFileReference; lastKnownFileType = sourcecode.swift; path = CollectionViewTableViewCell.swift; sourceTree = "<group>"; };
		B67E873D2ADBA7C0008C20E7 /* HeroHeaderUIView.swift */ = {isa = PBXFileReference; lastKnownFileType = sourcecode.swift; path = HeroHeaderUIView.swift; sourceTree = "<group>"; };
		B6E750EA2ADB202C00B42623 /* Netflix Clone.app */ = {isa = PBXFileReference; explicitFileType = wrapper.application; includeInIndex = 0; path = "Netflix Clone.app"; sourceTree = BUILT_PRODUCTS_DIR; };
		B6E750ED2ADB202C00B42623 /* AppDelegate.swift */ = {isa = PBXFileReference; lastKnownFileType = sourcecode.swift; path = AppDelegate.swift; sourceTree = "<group>"; };
		B6E750EF2ADB202C00B42623 /* SceneDelegate.swift */ = {isa = PBXFileReference; lastKnownFileType = sourcecode.swift; path = SceneDelegate.swift; sourceTree = "<group>"; };
		B6E750F12ADB202C00B42623 /* MainTabBarViewController.swift */ = {isa = PBXFileReference; lastKnownFileType = sourcecode.swift; path = MainTabBarViewController.swift; sourceTree = "<group>"; };
		B6E750F62ADB202D00B42623 /* Assets.xcassets */ = {isa = PBXFileReference; lastKnownFileType = folder.assetcatalog; path = Assets.xcassets; sourceTree = "<group>"; };
		B6E750F92ADB202D00B42623 /* Base */ = {isa = PBXFileReference; lastKnownFileType = file.storyboard; name = Base; path = Base.lproj/LaunchScreen.storyboard; sourceTree = "<group>"; };
		B6E750FB2ADB202D00B42623 /* Info.plist */ = {isa = PBXFileReference; lastKnownFileType = text.plist.xml; path = Info.plist; sourceTree = "<group>"; };
		B6E751022ADB24EA00B42623 /* HomeViewController.swift */ = {isa = PBXFileReference; lastKnownFileType = sourcecode.swift; path = HomeViewController.swift; sourceTree = "<group>"; };
		B6E751042ADB255900B42623 /* UpComingViewController.swift */ = {isa = PBXFileReference; lastKnownFileType = sourcecode.swift; path = UpComingViewController.swift; sourceTree = "<group>"; };
		B6E751062ADB260400B42623 /* SearchViewController.swift */ = {isa = PBXFileReference; lastKnownFileType = sourcecode.swift; path = SearchViewController.swift; sourceTree = "<group>"; };
		B6E751082ADB266C00B42623 /* DownLoadsViewController.swift */ = {isa = PBXFileReference; lastKnownFileType = sourcecode.swift; path = DownLoadsViewController.swift; sourceTree = "<group>"; };
		EF4BE9F22AE450A0008F5D07 /* ApiCaller.swift */ = {isa = PBXFileReference; lastKnownFileType = sourcecode.swift; path = ApiCaller.swift; sourceTree = SOURCE_ROOT; };
		EF4BE9F42AE4633D008F5D07 /* Movie.swift */ = {isa = PBXFileReference; lastKnownFileType = sourcecode.swift; path = Movie.swift; sourceTree = SOURCE_ROOT; };
		EF4BE9F62AE46E33008F5D07 /* Extensions.swift */ = {isa = PBXFileReference; lastKnownFileType = sourcecode.swift; path = Extensions.swift; sourceTree = SOURCE_ROOT; };
/* End PBXFileReference section */

/* Begin PBXFrameworksBuildPhase section */
		B6E750E72ADB202C00B42623 /* Frameworks */ = {
			isa = PBXFrameworksBuildPhase;
			buildActionMask = 2147483647;
			files = (
			);
			runOnlyForDeploymentPostprocessing = 0;
		};
/* End PBXFrameworksBuildPhase section */

/* Begin PBXGroup section */
		B67E87342ADB93D0008C20E7 /* Models */ = {
			isa = PBXGroup;
			children = (
				EF4BE9F42AE4633D008F5D07 /* Movie.swift */,
			);
			path = Models;
			sourceTree = "<group>";
		};
		B67E87352ADB93DE008C20E7 /* Views */ = {
			isa = PBXGroup;
			children = (
				B67E873B2ADB968E008C20E7 /* CollectionViewTableViewCell.swift */,
				B67E873D2ADBA7C0008C20E7 /* HeroHeaderUIView.swift */,
			);
			path = Views;
			sourceTree = "<group>";
		};
		B67E87362ADB93F2008C20E7 /* ViewModels */ = {
			isa = PBXGroup;
			children = (
			);
			path = ViewModels;
			sourceTree = "<group>";
		};
		B67E87372ADB9526008C20E7 /* Resources */ = {
			isa = PBXGroup;
			children = (
				EF4BE9F62AE46E33008F5D07 /* Extensions.swift */,
			);
			path = Resources;
			sourceTree = "<group>";
		};
		B67E87382ADB9544008C20E7 /* Managers */ = {
			isa = PBXGroup;
			children = (
				EF4BE9F22AE450A0008F5D07 /* ApiCaller.swift */,
			);
			path = Managers;
			sourceTree = "<group>";
		};
		B6E750E12ADB202B00B42623 = {
			isa = PBXGroup;
			children = (
				B6E750EC2ADB202C00B42623 /* Netflix Clone */,
				B6E750EB2ADB202C00B42623 /* Products */,
			);
			sourceTree = "<group>";
		};
		B6E750EB2ADB202C00B42623 /* Products */ = {
			isa = PBXGroup;
			children = (
				B6E750EA2ADB202C00B42623 /* Netflix Clone.app */,
			);
			name = Products;
			sourceTree = "<group>";
		};
		B6E750EC2ADB202C00B42623 /* Netflix Clone */ = {
			isa = PBXGroup;
			children = (
				B67E87382ADB9544008C20E7 /* Managers */,
				B67E87372ADB9526008C20E7 /* Resources */,
				B67E87342ADB93D0008C20E7 /* Models */,
				B67E87352ADB93DE008C20E7 /* Views */,
				B67E87362ADB93F2008C20E7 /* ViewModels */,
				B6E750ED2ADB202C00B42623 /* AppDelegate.swift */,
				B6E750EF2ADB202C00B42623 /* SceneDelegate.swift */,
				B6E751012ADB245B00B42623 /* Controllers */,
				B6E750F12ADB202C00B42623 /* MainTabBarViewController.swift */,
				B6E750F62ADB202D00B42623 /* Assets.xcassets */,
				B6E750F82ADB202D00B42623 /* LaunchScreen.storyboard */,
				B6E750FB2ADB202D00B42623 /* Info.plist */,
			);
			path = "Netflix Clone";
			sourceTree = "<group>";
		};
		B6E751012ADB245B00B42623 /* Controllers */ = {
			isa = PBXGroup;
			children = (
				B6E751022ADB24EA00B42623 /* HomeViewController.swift */,
				B6E751042ADB255900B42623 /* UpComingViewController.swift */,
				B6E751062ADB260400B42623 /* SearchViewController.swift */,
				B6E751082ADB266C00B42623 /* DownLoadsViewController.swift */,
			);
			path = Controllers;
			sourceTree = "<group>";
		};
/* End PBXGroup section */

/* Begin PBXNativeTarget section */
		B6E750E92ADB202C00B42623 /* Netflix Clone */ = {
			isa = PBXNativeTarget;
			buildConfigurationList = B6E750FE2ADB202D00B42623 /* Build configuration list for PBXNativeTarget "Netflix Clone" */;
			buildPhases = (
				B6E750E62ADB202C00B42623 /* Sources */,
				B6E750E72ADB202C00B42623 /* Frameworks */,
				B6E750E82ADB202C00B42623 /* Resources */,
			);
			buildRules = (
			);
			dependencies = (
			);
			name = "Netflix Clone";
			productName = "Netflix Clone";
			productReference = B6E750EA2ADB202C00B42623 /* Netflix Clone.app */;
			productType = "com.apple.product-type.application";
		};
/* End PBXNativeTarget section */

/* Begin PBXProject section */
		B6E750E22ADB202B00B42623 /* Project object */ = {
			isa = PBXProject;
			attributes = {
				BuildIndependentTargetsInParallel = 1;
				LastSwiftUpdateCheck = 1430;
				LastUpgradeCheck = 1430;
				TargetAttributes = {
					B6E750E92ADB202C00B42623 = {
						CreatedOnToolsVersion = 14.3;
					};
				};
			};
			buildConfigurationList = B6E750E52ADB202B00B42623 /* Build configuration list for PBXProject "Netflix Clone" */;
			compatibilityVersion = "Xcode 14.0";
			developmentRegion = en;
			hasScannedForEncodings = 0;
			knownRegions = (
				en,
				Base,
			);
			mainGroup = B6E750E12ADB202B00B42623;
			productRefGroup = B6E750EB2ADB202C00B42623 /* Products */;
			projectDirPath = "";
			projectRoot = "";
			targets = (
				B6E750E92ADB202C00B42623 /* Netflix Clone */,
			);
		};
/* End PBXProject section */

/* Begin PBXResourcesBuildPhase section */
		B6E750E82ADB202C00B42623 /* Resources */ = {
			isa = PBXResourcesBuildPhase;
			buildActionMask = 2147483647;
			files = (
				B6E750FA2ADB202D00B42623 /* LaunchScreen.storyboard in Resources */,
				B6E750F72ADB202D00B42623 /* Assets.xcassets in Resources */,
			);
			runOnlyForDeploymentPostprocessing = 0;
		};
/* End PBXResourcesBuildPhase section */

/* Begin PBXSourcesBuildPhase section */
		B6E750E62ADB202C00B42623 /* Sources */ = {
			isa = PBXSourcesBuildPhase;
			buildActionMask = 2147483647;
			files = (
				B6E751072ADB260400B42623 /* SearchViewController.swift in Sources */,
				B6E750F22ADB202C00B42623 /* MainTabBarViewController.swift in Sources */,
				B67E873C2ADB968E008C20E7 /* CollectionViewTableViewCell.swift in Sources */,
				B67E873E2ADBA7C1008C20E7 /* HeroHeaderUIView.swift in Sources */,
				B6E750EE2ADB202C00B42623 /* AppDelegate.swift in Sources */,
				B6E751052ADB255900B42623 /* UpComingViewController.swift in Sources */,
				B6E751092ADB266C00B42623 /* DownLoadsViewController.swift in Sources */,
				EF4BE9F72AE46E33008F5D07 /* Extensions.swift in Sources */,
				B6E750F02ADB202C00B42623 /* SceneDelegate.swift in Sources */,
				B6E751032ADB24EA00B42623 /* HomeViewController.swift in Sources */,
				EF4BE9F52AE4633D008F5D07 /* Movie.swift in Sources */,
				EF4BE9F32AE450A0008F5D07 /* ApiCaller.swift in Sources */,
			);
			runOnlyForDeploymentPostprocessing = 0;
		};
/* End PBXSourcesBuildPhase section */

/* Begin PBXVariantGroup section */
		B6E750F82ADB202D00B42623 /* LaunchScreen.storyboard */ = {
			isa = PBXVariantGroup;
			children = (
				B6E750F92ADB202D00B42623 /* Base */,
			);
			name = LaunchScreen.storyboard;
			sourceTree = "<group>";
		};
/* End PBXVariantGroup section */

/* Begin XCBuildConfiguration section */
		B6E750FC2ADB202D00B42623 /* Debug */ = {
			isa = XCBuildConfiguration;
			buildSettings = {
				ALWAYS_SEARCH_USER_PATHS = NO;
				CLANG_ANALYZER_NONNULL = YES;
				CLANG_ANALYZER_NUMBER_OBJECT_CONVERSION = YES_AGGRESSIVE;
				CLANG_CXX_LANGUAGE_STANDARD = "gnu++20";
				CLANG_ENABLE_MODULES = YES;
				CLANG_ENABLE_OBJC_ARC = YES;
				CLANG_ENABLE_OBJC_WEAK = YES;
				CLANG_WARN_BLOCK_CAPTURE_AUTORELEASING = YES;
				CLANG_WARN_BOOL_CONVERSION = YES;
				CLANG_WARN_COMMA = YES;
				CLANG_WARN_CONSTANT_CONVERSION = YES;
				CLANG_WARN_DEPRECATED_OBJC_IMPLEMENTATIONS = YES;
				CLANG_WARN_DIRECT_OBJC_ISA_USAGE = YES_ERROR;
				CLANG_WARN_DOCUMENTATION_COMMENTS = YES;
				CLANG_WARN_EMPTY_BODY = YES;
				CLANG_WARN_ENUM_CONVERSION = YES;
				CLANG_WARN_INFINITE_RECURSION = YES;
				CLANG_WARN_INT_CONVERSION = YES;
				CLANG_WARN_NON_LITERAL_NULL_CONVERSION = YES;
				CLANG_WARN_OBJC_IMPLICIT_RETAIN_SELF = YES;
				CLANG_WARN_OBJC_LITERAL_CONVERSION = YES;
				CLANG_WARN_OBJC_ROOT_CLASS = YES_ERROR;
				CLANG_WARN_QUOTED_INCLUDE_IN_FRAMEWORK_HEADER = YES;
				CLANG_WARN_RANGE_LOOP_ANALYSIS = YES;
				CLANG_WARN_STRICT_PROTOTYPES = YES;
				CLANG_WARN_SUSPICIOUS_MOVE = YES;
				CLANG_WARN_UNGUARDED_AVAILABILITY = YES_AGGRESSIVE;
				CLANG_WARN_UNREACHABLE_CODE = YES;
				CLANG_WARN__DUPLICATE_METHOD_MATCH = YES;
				COPY_PHASE_STRIP = NO;
				DEBUG_INFORMATION_FORMAT = dwarf;
				ENABLE_STRICT_OBJC_MSGSEND = YES;
				ENABLE_TESTABILITY = YES;
				GCC_C_LANGUAGE_STANDARD = gnu11;
				GCC_DYNAMIC_NO_PIC = NO;
				GCC_NO_COMMON_BLOCKS = YES;
				GCC_OPTIMIZATION_LEVEL = 0;
				GCC_PREPROCESSOR_DEFINITIONS = (
					"DEBUG=1",
					"$(inherited)",
				);
				GCC_WARN_64_TO_32_BIT_CONVERSION = YES;
				GCC_WARN_ABOUT_RETURN_TYPE = YES_ERROR;
				GCC_WARN_UNDECLARED_SELECTOR = YES;
				GCC_WARN_UNINITIALIZED_AUTOS = YES_AGGRESSIVE;
				GCC_WARN_UNUSED_FUNCTION = YES;
				GCC_WARN_UNUSED_VARIABLE = YES;
				IPHONEOS_DEPLOYMENT_TARGET = 16.4;
				MTL_ENABLE_DEBUG_INFO = INCLUDE_SOURCE;
				MTL_FAST_MATH = YES;
				ONLY_ACTIVE_ARCH = YES;
				SDKROOT = iphoneos;
				SWIFT_ACTIVE_COMPILATION_CONDITIONS = DEBUG;
				SWIFT_OPTIMIZATION_LEVEL = "-Onone";
			};
			name = Debug;
		};
		B6E750FD2ADB202D00B42623 /* Release */ = {
			isa = XCBuildConfiguration;
			buildSettings = {
				ALWAYS_SEARCH_USER_PATHS = NO;
				CLANG_ANALYZER_NONNULL = YES;
				CLANG_ANALYZER_NUMBER_OBJECT_CONVERSION = YES_AGGRESSIVE;
				CLANG_CXX_LANGUAGE_STANDARD = "gnu++20";
				CLANG_ENABLE_MODULES = YES;
				CLANG_ENABLE_OBJC_ARC = YES;
				CLANG_ENABLE_OBJC_WEAK = YES;
				CLANG_WARN_BLOCK_CAPTURE_AUTORELEASING = YES;
				CLANG_WARN_BOOL_CONVERSION = YES;
				CLANG_WARN_COMMA = YES;
				CLANG_WARN_CONSTANT_CONVERSION = YES;
				CLANG_WARN_DEPRECATED_OBJC_IMPLEMENTATIONS = YES;
				CLANG_WARN_DIRECT_OBJC_ISA_USAGE = YES_ERROR;
				CLANG_WARN_DOCUMENTATION_COMMENTS = YES;
				CLANG_WARN_EMPTY_BODY = YES;
				CLANG_WARN_ENUM_CONVERSION = YES;
				CLANG_WARN_INFINITE_RECURSION = YES;
				CLANG_WARN_INT_CONVERSION = YES;
				CLANG_WARN_NON_LITERAL_NULL_CONVERSION = YES;
				CLANG_WARN_OBJC_IMPLICIT_RETAIN_SELF = YES;
				CLANG_WARN_OBJC_LITERAL_CONVERSION = YES;
				CLANG_WARN_OBJC_ROOT_CLASS = YES_ERROR;
				CLANG_WARN_QUOTED_INCLUDE_IN_FRAMEWORK_HEADER = YES;
				CLANG_WARN_RANGE_LOOP_ANALYSIS = YES;
				CLANG_WARN_STRICT_PROTOTYPES = YES;
				CLANG_WARN_SUSPICIOUS_MOVE = YES;
				CLANG_WARN_UNGUARDED_AVAILABILITY = YES_AGGRESSIVE;
				CLANG_WARN_UNREACHABLE_CODE = YES;
				CLANG_WARN__DUPLICATE_METHOD_MATCH = YES;
				COPY_PHASE_STRIP = NO;
				DEBUG_INFORMATION_FORMAT = "dwarf-with-dsym";
				ENABLE_NS_ASSERTIONS = NO;
				ENABLE_STRICT_OBJC_MSGSEND = YES;
				GCC_C_LANGUAGE_STANDARD = gnu11;
				GCC_NO_COMMON_BLOCKS = YES;
				GCC_WARN_64_TO_32_BIT_CONVERSION = YES;
				GCC_WARN_ABOUT_RETURN_TYPE = YES_ERROR;
				GCC_WARN_UNDECLARED_SELECTOR = YES;
				GCC_WARN_UNINITIALIZED_AUTOS = YES_AGGRESSIVE;
				GCC_WARN_UNUSED_FUNCTION = YES;
				GCC_WARN_UNUSED_VARIABLE = YES;
				IPHONEOS_DEPLOYMENT_TARGET = 16.4;
				MTL_ENABLE_DEBUG_INFO = NO;
				MTL_FAST_MATH = YES;
				SDKROOT = iphoneos;
				SWIFT_COMPILATION_MODE = wholemodule;
				SWIFT_OPTIMIZATION_LEVEL = "-O";
				VALIDATE_PRODUCT = YES;
			};
			name = Release;
		};
		B6E750FF2ADB202D00B42623 /* Debug */ = {
			isa = XCBuildConfiguration;
			buildSettings = {
				ASSETCATALOG_COMPILER_APPICON_NAME = AppIcon;
				ASSETCATALOG_COMPILER_GLOBAL_ACCENT_COLOR_NAME = AccentColor;
				CODE_SIGN_STYLE = Automatic;
				CURRENT_PROJECT_VERSION = 1;
				GENERATE_INFOPLIST_FILE = YES;
				INFOPLIST_FILE = "Netflix Clone/Info.plist";
				INFOPLIST_KEY_UIApplicationSupportsIndirectInputEvents = YES;
				INFOPLIST_KEY_UILaunchStoryboardName = LaunchScreen;
				INFOPLIST_KEY_UISupportedInterfaceOrientations_iPad = "UIInterfaceOrientationPortrait UIInterfaceOrientationPortraitUpsideDown UIInterfaceOrientationLandscapeLeft UIInterfaceOrientationLandscapeRight";
				INFOPLIST_KEY_UISupportedInterfaceOrientations_iPhone = "UIInterfaceOrientationPortrait UIInterfaceOrientationLandscapeLeft UIInterfaceOrientationLandscapeRight";
				LD_RUNPATH_SEARCH_PATHS = (
					"$(inherited)",
					"@executable_path/Frameworks",
				);
				MARKETING_VERSION = 1.0;
				PRODUCT_BUNDLE_IDENTIFIER = "com.josueDev.Netflix-Clone";
				PRODUCT_NAME = "$(TARGET_NAME)";
				SWIFT_EMIT_LOC_STRINGS = YES;
				SWIFT_VERSION = 5.0;
				TARGETED_DEVICE_FAMILY = "1,2";
			};
			name = Debug;
		};
		B6E751002ADB202D00B42623 /* Release */ = {
			isa = XCBuildConfiguration;
			buildSettings = {
				ASSETCATALOG_COMPILER_APPICON_NAME = AppIcon;
				ASSETCATALOG_COMPILER_GLOBAL_ACCENT_COLOR_NAME = AccentColor;
				CODE_SIGN_STYLE = Automatic;
				CURRENT_PROJECT_VERSION = 1;
				GENERATE_INFOPLIST_FILE = YES;
				INFOPLIST_FILE = "Netflix Clone/Info.plist";
				INFOPLIST_KEY_UIApplicationSupportsIndirectInputEvents = YES;
				INFOPLIST_KEY_UILaunchStoryboardName = LaunchScreen;
				INFOPLIST_KEY_UISupportedInterfaceOrientations_iPad = "UIInterfaceOrientationPortrait UIInterfaceOrientationPortraitUpsideDown UIInterfaceOrientationLandscapeLeft UIInterfaceOrientationLandscapeRight";
				INFOPLIST_KEY_UISupportedInterfaceOrientations_iPhone = "UIInterfaceOrientationPortrait UIInterfaceOrientationLandscapeLeft UIInterfaceOrientationLandscapeRight";
				LD_RUNPATH_SEARCH_PATHS = (
					"$(inherited)",
					"@executable_path/Frameworks",
				);
				MARKETING_VERSION = 1.0;
				PRODUCT_BUNDLE_IDENTIFIER = "com.josueDev.Netflix-Clone";
				PRODUCT_NAME = "$(TARGET_NAME)";
				SWIFT_EMIT_LOC_STRINGS = YES;
				SWIFT_VERSION = 5.0;
				TARGETED_DEVICE_FAMILY = "1,2";
			};
			name = Release;
		};
/* End XCBuildConfiguration section */

/* Begin XCConfigurationList section */
		B6E750E52ADB202B00B42623 /* Build configuration list for PBXProject "Netflix Clone" */ = {
			isa = XCConfigurationList;
			buildConfigurations = (
				B6E750FC2ADB202D00B42623 /* Debug */,
				B6E750FD2ADB202D00B42623 /* Release */,
			);
			defaultConfigurationIsVisible = 0;
			defaultConfigurationName = Release;
		};
		B6E750FE2ADB202D00B42623 /* Build configuration list for PBXNativeTarget "Netflix Clone" */ = {
			isa = XCConfigurationList;
			buildConfigurations = (
				B6E750FF2ADB202D00B42623 /* Debug */,
				B6E751002ADB202D00B42623 /* Release */,
			);
			defaultConfigurationIsVisible = 0;
			defaultConfigurationName = Release;
		};
/* End XCConfigurationList section */
	};
	rootObject = B6E750E22ADB202B00B42623 /* Project object */;
}
